
Microsoft Visual Studio Solution File, Format Version 12.00
# Visual Studio 15
VisualStudioVersion = 15.0.26430.14
MinimumVisualStudioVersion = 10.0.40219.1
Project("{FAE04EC0-301F-11D3-BF4B-00C04F79EFBC}") = "CapaDatos", "CapaDatos\CapaDatos.csproj", "{DD248B21-33DF-4247-9029-A29E7C910D59}"
EndProject
Project("{FAE04EC0-301F-11D3-BF4B-00C04F79EFBC}") = "CapaLogica", "CapaLogica\CapaLogica.csproj", "{C2C52E42-B5BE-4BF3-9784-9C4C5D69F06A}"
EndProject
Project("{FAE04EC0-301F-11D3-BF4B-00C04F79EFBC}") = "CapaPresentacion", "CapaPresentacion\CapaPresentacion.csproj", "{58CAC182-D6A9-4C2B-B838-D2094A3A02EC}"
EndProject
Global
	GlobalSection(SolutionConfigurationPlatforms) = preSolution
		Debug|Any CPU = Debug|Any CPU
		Release|Any CPU = Release|Any CPU
	EndGlobalSection
	GlobalSection(ProjectConfigurationPlatforms) = postSolution
		{DD248B21-33DF-4247-9029-A29E7C910D59}.Debug|Any CPU.ActiveCfg = Debug|Any CPU
		{DD248B21-33DF-4247-9029-A29E7C910D59}.Debug|Any CPU.Build.0 = Debug|Any CPU
		{DD248B21-33DF-4247-9029-A29E7C910D59}.Release|Any CPU.ActiveCfg = Release|Any CPU
		{DD248B21-33DF-4247-9029-A29E7C910D59}.Release|Any CPU.Build.0 = Release|Any CPU
		{C2C52E42-B5BE-4BF3-9784-9C4C5D69F06A}.Debug|Any CPU.ActiveCfg = Debug|Any CPU
		{C2C52E42-B5BE-4BF3-9784-9C4C5D69F06A}.Debug|Any CPU.Build.0 = Debug|Any CPU
		{C2C52E42-B5BE-4BF3-9784-9C4C5D69F06A}.Release|Any CPU.ActiveCfg = Release|Any CPU
		{C2C52E42-B5BE-4BF3-9784-9C4C5D69F06A}.Release|Any CPU.Build.0 = Release|Any CPU
		{58CAC182-D6A9-4C2B-B838-D2094A3A02EC}.Debug|Any CPU.ActiveCfg = Debug|Any CPU
		{58CAC182-D6A9-4C2B-B838-D2094A3A02EC}.Debug|Any CPU.Build.0 = Debug|Any CPU
		{58CAC182-D6A9-4C2B-B838-D2094A3A02EC}.Release|Any CPU.ActiveCfg = Release|Any CPU
		{58CAC182-D6A9-4C2B-B838-D2094A3A02EC}.Release|Any CPU.Build.0 = Release|Any CPU
	EndGlobalSection
	GlobalSection(SolutionProperties) = preSolution
		HideSolutionNode = FALSE
	EndGlobalSection
	GlobalSection(ExtensibilityGlobals) = postSolution
		SolutionGuid = {9E5FA0CC-A8DC-495B-A8FB-2FDEB8552817}
	EndGlobalSection
EndGlobal
